
Microsoft Visual Studio Solution File, Format Version 12.00
# Visual Studio Version 17
VisualStudioVersion = 17.5.002.0
MinimumVisualStudioVersion = 10.0.40219.1
Project("{9A19103F-16F7-4668-BE54-9A1E7A4F7556}") = "api", "api\api.csproj", "{DF647A20-E5A5-44A1-B220-A220085FCCCF}"
EndProject
Project("{FAE04EC0-301F-11D3-BF4B-00C04F79EFBC}") = "api.Tests", "api.Tests\api.Tests.csproj", "{08F6CE16-EA32-4CED-8841-DB26506C1325}"
EndProject
Global
	GlobalSection(SolutionConfigurationPlatforms) = preSolution
		Debug|Any CPU = Debug|Any CPU
		Release|Any CPU = Release|Any CPU
	EndGlobalSection
	GlobalSection(ProjectConfigurationPlatforms) = postSolution
		{DF647A20-E5A5-44A1-B220-A220085FCCCF}.Debug|Any CPU.ActiveCfg = Debug|Any CPU
		{DF647A20-E5A5-44A1-B220-A220085FCCCF}.Debug|Any CPU.Build.0 = Debug|Any CPU
		{DF647A20-E5A5-44A1-B220-A220085FCCCF}.Release|Any CPU.ActiveCfg = Release|Any CPU
		{DF647A20-E5A5-44A1-B220-A220085FCCCF}.Release|Any CPU.Build.0 = Release|Any CPU
		{08F6CE16-EA32-4CED-8841-DB26506C1325}.Debug|Any CPU.ActiveCfg = Debug|Any CPU
		{08F6CE16-EA32-4CED-8841-DB26506C1325}.Debug|Any CPU.Build.0 = Debug|Any CPU
		{08F6CE16-EA32-4CED-8841-DB26506C1325}.Release|Any CPU.ActiveCfg = Release|Any CPU
		{08F6CE16-EA32-4CED-8841-DB26506C1325}.Release|Any CPU.Build.0 = Release|Any CPU
	EndGlobalSection
	GlobalSection(SolutionProperties) = preSolution
		HideSolutionNode = FALSE
	EndGlobalSection
	GlobalSection(ExtensibilityGlobals) = postSolution
		SolutionGuid = {499A8CF8-2698-4720-8073-2FE56CBFED53}
	EndGlobalSection
EndGlobal
